
Microsoft Visual Studio Solution File, Format Version 12.00
# Visual Studio Version 17
VisualStudioVersion = 17.10.34916.146
MinimumVisualStudioVersion = 10.0.40219.1
Project("{FAE04EC0-301F-11D3-BF4B-00C04F79EFBC}") = "IdentityApp", "IdentityApp.csproj", "{552BB4E1-C10D-47F7-9AF9-D09C135EFB99}"
EndProject
Global
	GlobalSection(SolutionConfigurationPlatforms) = preSolution
		Debug|Any CPU = Debug|Any CPU
		Release|Any CPU = Release|Any CPU
	EndGlobalSection
	GlobalSection(ProjectConfigurationPlatforms) = postSolution
		{552BB4E1-C10D-47F7-9AF9-D09C135EFB99}.Debug|Any CPU.ActiveCfg = Debug|Any CPU
		{552BB4E1-C10D-47F7-9AF9-D09C135EFB99}.Debug|Any CPU.Build.0 = Debug|Any CPU
		{552BB4E1-C10D-47F7-9AF9-D09C135EFB99}.Release|Any CPU.ActiveCfg = Release|Any CPU
		{552BB4E1-C10D-47F7-9AF9-D09C135EFB99}.Release|Any CPU.Build.0 = Release|Any CPU
	EndGlobalSection
	GlobalSection(SolutionProperties) = preSolution
		HideSolutionNode = FALSE
	EndGlobalSection
	GlobalSection(ExtensibilityGlobals) = postSolution
		SolutionGuid = {6F6D3071-1516-4555-B883-75A64F176FB0}
	EndGlobalSection
EndGlobal
